
Microsoft Visual Studio Solution File, Format Version 12.00
# Visual Studio Version 16
VisualStudioVersion = 16.0.31729.503
MinimumVisualStudioVersion = 10.0.40219.1
Project("{FAE04EC0-301F-11D3-BF4B-00C04F79EFBC}") = "AppMediaSalarioFuncionario", "AppMediaSalarioFuncionario.csproj", "{B0A11F14-5759-42C1-869B-913C285FC35A}"
EndProject
Global
	GlobalSection(SolutionConfigurationPlatforms) = preSolution
		Debug|Any CPU = Debug|Any CPU
		Release|Any CPU = Release|Any CPU
	EndGlobalSection
	GlobalSection(ProjectConfigurationPlatforms) = postSolution
		{B0A11F14-5759-42C1-869B-913C285FC35A}.Debug|Any CPU.ActiveCfg = Debug|Any CPU
		{B0A11F14-5759-42C1-869B-913C285FC35A}.Debug|Any CPU.Build.0 = Debug|Any CPU
		{B0A11F14-5759-42C1-869B-913C285FC35A}.Release|Any CPU.ActiveCfg = Release|Any CPU
		{B0A11F14-5759-42C1-869B-913C285FC35A}.Release|Any CPU.Build.0 = Release|Any CPU
	EndGlobalSection
	GlobalSection(SolutionProperties) = preSolution
		HideSolutionNode = FALSE
	EndGlobalSection
	GlobalSection(ExtensibilityGlobals) = postSolution
		SolutionGuid = {7EC2016F-BACD-46B3-8679-1502F17E9907}
	EndGlobalSection
EndGlobal
